// !$*UTF8*$!
{
	archiveVersion = 1;
	classes = {
	};
	objectVersion = 56;
	objects = {

/* Begin PBXBuildFile section */
		F0E492CB2C0911F500355168 /* AppDelegate.m in Sources */ = {isa = PBXBuildFile; fileRef = F0E492CA2C0911F500355168 /* AppDelegate.m */; };
		F0E492CE2C0911F500355168 /* Document.m in Sources */ = {isa = PBXBuildFile; fileRef = F0E492CD2C0911F500355168 /* Document.m */; };
		F0E492D12C0911F500355168 /* Base in Resources */ = {isa = PBXBuildFile; fileRef = F0E492D02C0911F500355168 /* Base */; };
		F0E492D32C0911F600355168 /* Assets.xcassets in Resources */ = {isa = PBXBuildFile; fileRef = F0E492D22C0911F600355168 /* Assets.xcassets */; };
		F0E492D62C0911F600355168 /* Base in Resources */ = {isa = PBXBuildFile; fileRef = F0E492D52C0911F600355168 /* Base */; };
		F0E492D92C0911F600355168 /* main.m in Sources */ = {isa = PBXBuildFile; fileRef = F0E492D82C0911F600355168 /* main.m */; };
		F0E492E22C09124500355168 /* tinyrenderer.c in Sources */ = {isa = PBXBuildFile; fileRef = F0E492E12C09124500355168 /* tinyrenderer.c */; };
		F0E492E72C0A74B200355168 /* african_head.obj in CopyFiles */ = {isa = PBXBuildFile; fileRef = F0E492E52C0A74A400355168 /* african_head.obj */; };
		F0E492EA2C0A74D300355168 /* models.m in Sources */ = {isa = PBXBuildFile; fileRef = F0E492E92C0A74D300355168 /* models.m */; };
/* End PBXBuildFile section */

/* Begin PBXCopyFilesBuildPhase section */
		F0E492E62C0A74AD00355168 /* CopyFiles */ = {
			isa = PBXCopyFilesBuildPhase;
			buildActionMask = 2147483647;
			dstPath = "";
			dstSubfolderSpec = 7;
			files = (
				F0E492E72C0A74B200355168 /* african_head.obj in CopyFiles */,
			);
			runOnlyForDeploymentPostprocessing = 0;
		};
/* End PBXCopyFilesBuildPhase section */

/* Begin PBXFileReference section */
		F0E492C62C0911F500355168 /* tinyrenderer.app */ = {isa = PBXFileReference; explicitFileType = wrapper.application; includeInIndex = 0; path = tinyrenderer.app; sourceTree = BUILT_PRODUCTS_DIR; };
		F0E492C92C0911F500355168 /* AppDelegate.h */ = {isa = PBXFileReference; lastKnownFileType = sourcecode.c.h; path = AppDelegate.h; sourceTree = "<group>"; };
		F0E492CA2C0911F500355168 /* AppDelegate.m */ = {isa = PBXFileReference; lastKnownFileType = sourcecode.c.objc; path = AppDelegate.m; sourceTree = "<group>"; };
		F0E492CC2C0911F500355168 /* Document.h */ = {isa = PBXFileReference; lastKnownFileType = sourcecode.c.h; path = Document.h; sourceTree = "<group>"; };
		F0E492CD2C0911F500355168 /* Document.m */ = {isa = PBXFileReference; lastKnownFileType = sourcecode.c.objc; path = Document.m; sourceTree = "<group>"; };
		F0E492D02C0911F500355168 /* Base */ = {isa = PBXFileReference; lastKnownFileType = file.xib; name = Base; path = Base.lproj/Document.xib; sourceTree = "<group>"; };
		F0E492D22C0911F600355168 /* Assets.xcassets */ = {isa = PBXFileReference; lastKnownFileType = folder.assetcatalog; path = Assets.xcassets; sourceTree = "<group>"; };
		F0E492D52C0911F600355168 /* Base */ = {isa = PBXFileReference; lastKnownFileType = file.xib; name = Base; path = Base.lproj/MainMenu.xib; sourceTree = "<group>"; };
		F0E492D72C0911F600355168 /* Info.plist */ = {isa = PBXFileReference; lastKnownFileType = text.plist.xml; path = Info.plist; sourceTree = "<group>"; };
		F0E492D82C0911F600355168 /* main.m */ = {isa = PBXFileReference; lastKnownFileType = sourcecode.c.objc; path = main.m; sourceTree = "<group>"; };
		F0E492DA2C0911F600355168 /* tinyrenderer.entitlements */ = {isa = PBXFileReference; lastKnownFileType = text.plist.entitlements; path = tinyrenderer.entitlements; sourceTree = "<group>"; };
		F0E492E02C09124500355168 /* tinyrenderer.h */ = {isa = PBXFileReference; lastKnownFileType = sourcecode.c.h; path = tinyrenderer.h; sourceTree = "<group>"; };
		F0E492E12C09124500355168 /* tinyrenderer.c */ = {isa = PBXFileReference; lastKnownFileType = sourcecode.c.c; path = tinyrenderer.c; sourceTree = "<group>"; };
		F0E492E52C0A74A400355168 /* african_head.obj */ = {isa = PBXFileReference; lastKnownFileType = text; path = african_head.obj; sourceTree = "<group>"; };
		F0E492E82C0A74D300355168 /* models.h */ = {isa = PBXFileReference; lastKnownFileType = sourcecode.c.h; path = models.h; sourceTree = "<group>"; };
		F0E492E92C0A74D300355168 /* models.m */ = {isa = PBXFileReference; lastKnownFileType = sourcecode.c.objc; path = models.m; sourceTree = "<group>"; };
/* End PBXFileReference section */

/* Begin PBXFrameworksBuildPhase section */
		F0E492C32C0911F500355168 /* Frameworks */ = {
			isa = PBXFrameworksBuildPhase;
			buildActionMask = 2147483647;
			files = (
			);
			runOnlyForDeploymentPostprocessing = 0;
		};
/* End PBXFrameworksBuildPhase section */

/* Begin PBXGroup section */
		F0E492BD2C0911F500355168 = {
			isa = PBXGroup;
			children = (
				F0E492C82C0911F500355168 /* tinyrenderer */,
				F0E492C72C0911F500355168 /* Products */,
			);
			sourceTree = "<group>";
		};
		F0E492C72C0911F500355168 /* Products */ = {
			isa = PBXGroup;
			children = (
				F0E492C62C0911F500355168 /* tinyrenderer.app */,
			);
			name = Products;
			sourceTree = "<group>";
		};
		F0E492C82C0911F500355168 /* tinyrenderer */ = {
			isa = PBXGroup;
			children = (
				F0E492E82C0A74D300355168 /* models.h */,
				F0E492E92C0A74D300355168 /* models.m */,
				F0E492C92C0911F500355168 /* AppDelegate.h */,
				F0E492CA2C0911F500355168 /* AppDelegate.m */,
				F0E492CC2C0911F500355168 /* Document.h */,
				F0E492CD2C0911F500355168 /* Document.m */,
				F0E492E02C09124500355168 /* tinyrenderer.h */,
				F0E492E12C09124500355168 /* tinyrenderer.c */,
				F0E492CF2C0911F500355168 /* Document.xib */,
				F0E492E52C0A74A400355168 /* african_head.obj */,
				F0E492D22C0911F600355168 /* Assets.xcassets */,
				F0E492D42C0911F600355168 /* MainMenu.xib */,
				F0E492D72C0911F600355168 /* Info.plist */,
				F0E492D82C0911F600355168 /* main.m */,
				F0E492DA2C0911F600355168 /* tinyrenderer.entitlements */,
			);
			path = tinyrenderer;
			sourceTree = "<group>";
		};
/* End PBXGroup section */

/* Begin PBXNativeTarget section */
		F0E492C52C0911F500355168 /* tinyrenderer */ = {
			isa = PBXNativeTarget;
			buildConfigurationList = F0E492DD2C0911F600355168 /* Build configuration list for PBXNativeTarget "tinyrenderer" */;
			buildPhases = (
				F0E492C22C0911F500355168 /* Sources */,
				F0E492C32C0911F500355168 /* Frameworks */,
				F0E492C42C0911F500355168 /* Resources */,
				F0E492E62C0A74AD00355168 /* CopyFiles */,
			);
			buildRules = (
			);
			dependencies = (
			);
			name = tinyrenderer;
			productName = tinyrenderer;
			productReference = F0E492C62C0911F500355168 /* tinyrenderer.app */;
			productType = "com.apple.product-type.application";
		};
/* End PBXNativeTarget section */

/* Begin PBXProject section */
		F0E492BE2C0911F500355168 /* Project object */ = {
			isa = PBXProject;
			attributes = {
				BuildIndependentTargetsInParallel = 1;
				LastUpgradeCheck = 1530;
				TargetAttributes = {
					F0E492C52C0911F500355168 = {
						CreatedOnToolsVersion = 15.3;
					};
				};
			};
			buildConfigurationList = F0E492C12C0911F500355168 /* Build configuration list for PBXProject "tinyrenderer" */;
			compatibilityVersion = "Xcode 14.0";
			developmentRegion = en;
			hasScannedForEncodings = 0;
			knownRegions = (
				en,
				Base,
			);
			mainGroup = F0E492BD2C0911F500355168;
			productRefGroup = F0E492C72C0911F500355168 /* Products */;
			projectDirPath = "";
			projectRoot = "";
			targets = (
				F0E492C52C0911F500355168 /* tinyrenderer */,
			);
		};
/* End PBXProject section */

/* Begin PBXResourcesBuildPhase section */
		F0E492C42C0911F500355168 /* Resources */ = {
			isa = PBXResourcesBuildPhase;
			buildActionMask = 2147483647;
			files = (
				F0E492D32C0911F600355168 /* Assets.xcassets in Resources */,
				F0E492D62C0911F600355168 /* Base in Resources */,
				F0E492D12C0911F500355168 /* Base in Resources */,
			);
			runOnlyForDeploymentPostprocessing = 0;
		};
/* End PBXResourcesBuildPhase section */

/* Begin PBXSourcesBuildPhase section */
		F0E492C22C0911F500355168 /* Sources */ = {
			isa = PBXSourcesBuildPhase;
			buildActionMask = 2147483647;
			files = (
				F0E492CE2C0911F500355168 /* Document.m in Sources */,
				F0E492D92C0911F600355168 /* main.m in Sources */,
				F0E492E22C09124500355168 /* tinyrenderer.c in Sources */,
				F0E492EA2C0A74D300355168 /* models.m in Sources */,
				F0E492CB2C0911F500355168 /* AppDelegate.m in Sources */,
			);
			runOnlyForDeploymentPostprocessing = 0;
		};
/* End PBXSourcesBuildPhase section */

/* Begin PBXVariantGroup section */
		F0E492CF2C0911F500355168 /* Document.xib */ = {
			isa = PBXVariantGroup;
			children = (
				F0E492D02C0911F500355168 /* Base */,
			);
			name = Document.xib;
			sourceTree = "<group>";
		};
		F0E492D42C0911F600355168 /* MainMenu.xib */ = {
			isa = PBXVariantGroup;
			children = (
				F0E492D52C0911F600355168 /* Base */,
			);
			name = MainMenu.xib;
			sourceTree = "<group>";
		};
/* End PBXVariantGroup section */

/* Begin XCBuildConfiguration section */
		F0E492DB2C0911F600355168 /* Debug */ = {
			isa = XCBuildConfiguration;
			buildSettings = {
				ALWAYS_SEARCH_USER_PATHS = NO;
				ASSETCATALOG_COMPILER_GENERATE_SWIFT_ASSET_SYMBOL_EXTENSIONS = YES;
				CLANG_ANALYZER_NONNULL = YES;
				CLANG_ANALYZER_NUMBER_OBJECT_CONVERSION = YES_AGGRESSIVE;
				CLANG_CXX_LANGUAGE_STANDARD = "gnu++20";
				CLANG_ENABLE_MODULES = YES;
				CLANG_ENABLE_OBJC_ARC = YES;
				CLANG_ENABLE_OBJC_WEAK = YES;
				CLANG_WARN_BLOCK_CAPTURE_AUTORELEASING = YES;
				CLANG_WARN_BOOL_CONVERSION = YES;
				CLANG_WARN_COMMA = YES;
				CLANG_WARN_CONSTANT_CONVERSION = YES;
				CLANG_WARN_DEPRECATED_OBJC_IMPLEMENTATIONS = YES;
				CLANG_WARN_DIRECT_OBJC_ISA_USAGE = YES_ERROR;
				CLANG_WARN_DOCUMENTATION_COMMENTS = YES;
				CLANG_WARN_EMPTY_BODY = YES;
				CLANG_WARN_ENUM_CONVERSION = YES;
				CLANG_WARN_INFINITE_RECURSION = YES;
				CLANG_WARN_INT_CONVERSION = YES;
				CLANG_WARN_NON_LITERAL_NULL_CONVERSION = YES;
				CLANG_WARN_OBJC_IMPLICIT_RETAIN_SELF = YES;
				CLANG_WARN_OBJC_LITERAL_CONVERSION = YES;
				CLANG_WARN_OBJC_ROOT_CLASS = YES_ERROR;
				CLANG_WARN_QUOTED_INCLUDE_IN_FRAMEWORK_HEADER = YES;
				CLANG_WARN_RANGE_LOOP_ANALYSIS = YES;
				CLANG_WARN_STRICT_PROTOTYPES = YES;
				CLANG_WARN_SUSPICIOUS_MOVE = YES;
				CLANG_WARN_UNGUARDED_AVAILABILITY = YES_AGGRESSIVE;
				CLANG_WARN_UNREACHABLE_CODE = YES;
				CLANG_WARN__DUPLICATE_METHOD_MATCH = YES;
				COPY_PHASE_STRIP = NO;
				DEBUG_INFORMATION_FORMAT = dwarf;
				ENABLE_STRICT_OBJC_MSGSEND = YES;
				ENABLE_TESTABILITY = YES;
				ENABLE_USER_SCRIPT_SANDBOXING = YES;
				GCC_C_LANGUAGE_STANDARD = gnu17;
				GCC_DYNAMIC_NO_PIC = NO;
				GCC_NO_COMMON_BLOCKS = YES;
				GCC_OPTIMIZATION_LEVEL = 0;
				GCC_PREPROCESSOR_DEFINITIONS = (
					"DEBUG=1",
					"$(inherited)",
				);
				GCC_WARN_64_TO_32_BIT_CONVERSION = YES;
				GCC_WARN_ABOUT_RETURN_TYPE = YES_ERROR;
				GCC_WARN_UNDECLARED_SELECTOR = YES;
				GCC_WARN_UNINITIALIZED_AUTOS = YES_AGGRESSIVE;
				GCC_WARN_UNUSED_FUNCTION = YES;
				GCC_WARN_UNUSED_VARIABLE = YES;
				LOCALIZATION_PREFERS_STRING_CATALOGS = YES;
				MACOSX_DEPLOYMENT_TARGET = 14.4;
				MTL_ENABLE_DEBUG_INFO = INCLUDE_SOURCE;
				MTL_FAST_MATH = YES;
				ONLY_ACTIVE_ARCH = YES;
				SDKROOT = macosx;
			};
			name = Debug;
		};
		F0E492DC2C0911F600355168 /* Release */ = {
			isa = XCBuildConfiguration;
			buildSettings = {
				ALWAYS_SEARCH_USER_PATHS = NO;
				ASSETCATALOG_COMPILER_GENERATE_SWIFT_ASSET_SYMBOL_EXTENSIONS = YES;
				CLANG_ANALYZER_NONNULL = YES;
				CLANG_ANALYZER_NUMBER_OBJECT_CONVERSION = YES_AGGRESSIVE;
				CLANG_CXX_LANGUAGE_STANDARD = "gnu++20";
				CLANG_ENABLE_MODULES = YES;
				CLANG_ENABLE_OBJC_ARC = YES;
				CLANG_ENABLE_OBJC_WEAK = YES;
				CLANG_WARN_BLOCK_CAPTURE_AUTORELEASING = YES;
				CLANG_WARN_BOOL_CONVERSION = YES;
				CLANG_WARN_COMMA = YES;
				CLANG_WARN_CONSTANT_CONVERSION = YES;
				CLANG_WARN_DEPRECATED_OBJC_IMPLEMENTATIONS = YES;
				CLANG_WARN_DIRECT_OBJC_ISA_USAGE = YES_ERROR;
				CLANG_WARN_DOCUMENTATION_COMMENTS = YES;
				CLANG_WARN_EMPTY_BODY = YES;
				CLANG_WARN_ENUM_CONVERSION = YES;
				CLANG_WARN_INFINITE_RECURSION = YES;
				CLANG_WARN_INT_CONVERSION = YES;
				CLANG_WARN_NON_LITERAL_NULL_CONVERSION = YES;
				CLANG_WARN_OBJC_IMPLICIT_RETAIN_SELF = YES;
				CLANG_WARN_OBJC_LITERAL_CONVERSION = YES;
				CLANG_WARN_OBJC_ROOT_CLASS = YES_ERROR;
				CLANG_WARN_QUOTED_INCLUDE_IN_FRAMEWORK_HEADER = YES;
				CLANG_WARN_RANGE_LOOP_ANALYSIS = YES;
				CLANG_WARN_STRICT_PROTOTYPES = YES;
				CLANG_WARN_SUSPICIOUS_MOVE = YES;
				CLANG_WARN_UNGUARDED_AVAILABILITY = YES_AGGRESSIVE;
				CLANG_WARN_UNREACHABLE_CODE = YES;
				CLANG_WARN__DUPLICATE_METHOD_MATCH = YES;
				COPY_PHASE_STRIP = NO;
				DEBUG_INFORMATION_FORMAT = "dwarf-with-dsym";
				ENABLE_NS_ASSERTIONS = NO;
				ENABLE_STRICT_OBJC_MSGSEND = YES;
				ENABLE_USER_SCRIPT_SANDBOXING = YES;
				GCC_C_LANGUAGE_STANDARD = gnu17;
				GCC_NO_COMMON_BLOCKS = YES;
				GCC_WARN_64_TO_32_BIT_CONVERSION = YES;
				GCC_WARN_ABOUT_RETURN_TYPE = YES_ERROR;
				GCC_WARN_UNDECLARED_SELECTOR = YES;
				GCC_WARN_UNINITIALIZED_AUTOS = YES_AGGRESSIVE;
				GCC_WARN_UNUSED_FUNCTION = YES;
				GCC_WARN_UNUSED_VARIABLE = YES;
				LOCALIZATION_PREFERS_STRING_CATALOGS = YES;
				MACOSX_DEPLOYMENT_TARGET = 14.4;
				MTL_ENABLE_DEBUG_INFO = NO;
				MTL_FAST_MATH = YES;
				SDKROOT = macosx;
			};
			name = Release;
		};
		F0E492DE2C0911F600355168 /* Debug */ = {
			isa = XCBuildConfiguration;
			buildSettings = {
				ASSETCATALOG_COMPILER_APPICON_NAME = AppIcon;
				ASSETCATALOG_COMPILER_GLOBAL_ACCENT_COLOR_NAME = AccentColor;
				CODE_SIGN_ENTITLEMENTS = tinyrenderer/tinyrenderer.entitlements;
				CODE_SIGN_STYLE = Automatic;
				COMBINE_HIDPI_IMAGES = YES;
				CURRENT_PROJECT_VERSION = 1;
				GENERATE_INFOPLIST_FILE = YES;
				INFOPLIST_FILE = tinyrenderer/Info.plist;
				INFOPLIST_KEY_NSHumanReadableCopyright = "";
				INFOPLIST_KEY_NSMainNibFile = MainMenu;
				INFOPLIST_KEY_NSPrincipalClass = NSApplication;
				LD_RUNPATH_SEARCH_PATHS = (
					"$(inherited)",
					"@executable_path/../Frameworks",
				);
				MACOSX_DEPLOYMENT_TARGET = 10.14;
				MARKETING_VERSION = 1.0;
				PRODUCT_BUNDLE_IDENTIFIER = com.kentmiller.tinyrenderer;
				PRODUCT_NAME = "$(TARGET_NAME)";
				SWIFT_EMIT_LOC_STRINGS = YES;
			};
			name = Debug;
		};
		F0E492DF2C0911F600355168 /* Release */ = {
			isa = XCBuildConfiguration;
			buildSettings = {
				ASSETCATALOG_COMPILER_APPICON_NAME = AppIcon;
				ASSETCATALOG_COMPILER_GLOBAL_ACCENT_COLOR_NAME = AccentColor;
				CODE_SIGN_ENTITLEMENTS = tinyrenderer/tinyrenderer.entitlements;
				CODE_SIGN_STYLE = Automatic;
				COMBINE_HIDPI_IMAGES = YES;
				CURRENT_PROJECT_VERSION = 1;
				GENERATE_INFOPLIST_FILE = YES;
				INFOPLIST_FILE = tinyrenderer/Info.plist;
				INFOPLIST_KEY_NSHumanReadableCopyright = "";
				INFOPLIST_KEY_NSMainNibFile = MainMenu;
				INFOPLIST_KEY_NSPrincipalClass = NSApplication;
				LD_RUNPATH_SEARCH_PATHS = (
					"$(inherited)",
					"@executable_path/../Frameworks",
				);
				MACOSX_DEPLOYMENT_TARGET = 10.14;
				MARKETING_VERSION = 1.0;
				PRODUCT_BUNDLE_IDENTIFIER = com.kentmiller.tinyrenderer;
				PRODUCT_NAME = "$(TARGET_NAME)";
				SWIFT_EMIT_LOC_STRINGS = YES;
			};
			name = Release;
		};
/* End XCBuildConfiguration section */

/* Begin XCConfigurationList section */
		F0E492C12C0911F500355168 /* Build configuration list for PBXProject "tinyrenderer" */ = {
			isa = XCConfigurationList;
			buildConfigurations = (
				F0E492DB2C0911F600355168 /* Debug */,
				F0E492DC2C0911F600355168 /* Release */,
			);
			defaultConfigurationIsVisible = 0;
			defaultConfigurationName = Release;
		};
		F0E492DD2C0911F600355168 /* Build configuration list for PBXNativeTarget "tinyrenderer" */ = {
			isa = XCConfigurationList;
			buildConfigurations = (
				F0E492DE2C0911F600355168 /* Debug */,
				F0E492DF2C0911F600355168 /* Release */,
			);
			defaultConfigurationIsVisible = 0;
			defaultConfigurationName = Release;
		};
/* End XCConfigurationList section */
	};
	rootObject = F0E492BE2C0911F500355168 /* Project object */;
}
